
Microsoft Visual Studio Solution File, Format Version 12.00
# Visual Studio Version 16
VisualStudioVersion = 16.0.31729.503
MinimumVisualStudioVersion = 10.0.40219.1
Project("{FAE04EC0-301F-11D3-BF4B-00C04F79EFBC}") = "GmailReadMessage", "GmailReadMessage\GmailReadMessage.csproj", "{76C04BBC-3227-47A6-8178-B076594CB7AB}"
EndProject
Global
	GlobalSection(SolutionConfigurationPlatforms) = preSolution
		Debug|Any CPU = Debug|Any CPU
		Release|Any CPU = Release|Any CPU
	EndGlobalSection
	GlobalSection(ProjectConfigurationPlatforms) = postSolution
		{76C04BBC-3227-47A6-8178-B076594CB7AB}.Debug|Any CPU.ActiveCfg = Debug|Any CPU
		{76C04BBC-3227-47A6-8178-B076594CB7AB}.Debug|Any CPU.Build.0 = Debug|Any CPU
		{76C04BBC-3227-47A6-8178-B076594CB7AB}.Release|Any CPU.ActiveCfg = Release|Any CPU
		{76C04BBC-3227-47A6-8178-B076594CB7AB}.Release|Any CPU.Build.0 = Release|Any CPU
	EndGlobalSection
	GlobalSection(SolutionProperties) = preSolution
		HideSolutionNode = FALSE
	EndGlobalSection
	GlobalSection(ExtensibilityGlobals) = postSolution
		SolutionGuid = {ACA19D0B-BDCD-4A32-80F2-39ACAF5A8E64}
	EndGlobalSection
EndGlobal
